
Microsoft Visual Studio Solution File, Format Version 12.00
# Visual Studio Version 16
VisualStudioVersion = 16.0.30114.105
MinimumVisualStudioVersion = 10.0.40219.1
Project("{2150E333-8FDC-42A3-9474-1A3956D46DE8}") = "src", "src", "{5A0B0807-175B-458A-A24D-A147811B7C12}"
EndProject
Project("{FAE04EC0-301F-11D3-BF4B-00C04F79EFBC}") = "API", "src\API\API.csproj", "{0CD1558D-C2F7-4931-A5CF-98183929DCEE}"
EndProject
Project("{FAE04EC0-301F-11D3-BF4B-00C04F79EFBC}") = "Core", "src\Core\Core.csproj", "{8FF446A2-52F5-4731-A80F-D74CEBB758E2}"
EndProject
Project("{FAE04EC0-301F-11D3-BF4B-00C04F79EFBC}") = "Domain", "src\Domain\Domain.csproj", "{BF3F6087-B45A-4D63-A930-167E38F1CF5C}"
EndProject
Project("{FAE04EC0-301F-11D3-BF4B-00C04F79EFBC}") = "Infra", "src\Infra\Infra.csproj", "{59B5291E-F28A-40AB-8BC0-1ED7A712315A}"
EndProject
Project("{FAE04EC0-301F-11D3-BF4B-00C04F79EFBC}") = "Services", "src\Services\Services.csproj", "{2586EBA0-CF52-4A3F-BDA1-688378E9149E}"
EndProject
Project("{FAE04EC0-301F-11D3-BF4B-00C04F79EFBC}") = "Test", "src\Test\Test.csproj", "{025CD268-8009-4525-8D26-CFEB96CEAA8A}"
EndProject
Global
	GlobalSection(SolutionConfigurationPlatforms) = preSolution
		Debug|Any CPU = Debug|Any CPU
		Debug|x64 = Debug|x64
		Debug|x86 = Debug|x86
		Release|Any CPU = Release|Any CPU
		Release|x64 = Release|x64
		Release|x86 = Release|x86
	EndGlobalSection
	GlobalSection(SolutionProperties) = preSolution
		HideSolutionNode = FALSE
	EndGlobalSection
	GlobalSection(ProjectConfigurationPlatforms) = postSolution
		{0CD1558D-C2F7-4931-A5CF-98183929DCEE}.Debug|Any CPU.ActiveCfg = Debug|Any CPU
		{0CD1558D-C2F7-4931-A5CF-98183929DCEE}.Debug|Any CPU.Build.0 = Debug|Any CPU
		{0CD1558D-C2F7-4931-A5CF-98183929DCEE}.Debug|x64.ActiveCfg = Debug|Any CPU
		{0CD1558D-C2F7-4931-A5CF-98183929DCEE}.Debug|x64.Build.0 = Debug|Any CPU
		{0CD1558D-C2F7-4931-A5CF-98183929DCEE}.Debug|x86.ActiveCfg = Debug|Any CPU
		{0CD1558D-C2F7-4931-A5CF-98183929DCEE}.Debug|x86.Build.0 = Debug|Any CPU
		{0CD1558D-C2F7-4931-A5CF-98183929DCEE}.Release|Any CPU.ActiveCfg = Release|Any CPU
		{0CD1558D-C2F7-4931-A5CF-98183929DCEE}.Release|Any CPU.Build.0 = Release|Any CPU
		{0CD1558D-C2F7-4931-A5CF-98183929DCEE}.Release|x64.ActiveCfg = Release|Any CPU
		{0CD1558D-C2F7-4931-A5CF-98183929DCEE}.Release|x64.Build.0 = Release|Any CPU
		{0CD1558D-C2F7-4931-A5CF-98183929DCEE}.Release|x86.ActiveCfg = Release|Any CPU
		{0CD1558D-C2F7-4931-A5CF-98183929DCEE}.Release|x86.Build.0 = Release|Any CPU
		{8FF446A2-52F5-4731-A80F-D74CEBB758E2}.Debug|Any CPU.ActiveCfg = Debug|Any CPU
		{8FF446A2-52F5-4731-A80F-D74CEBB758E2}.Debug|Any CPU.Build.0 = Debug|Any CPU
		{8FF446A2-52F5-4731-A80F-D74CEBB758E2}.Debug|x64.ActiveCfg = Debug|Any CPU
		{8FF446A2-52F5-4731-A80F-D74CEBB758E2}.Debug|x64.Build.0 = Debug|Any CPU
		{8FF446A2-52F5-4731-A80F-D74CEBB758E2}.Debug|x86.ActiveCfg = Debug|Any CPU
		{8FF446A2-52F5-4731-A80F-D74CEBB758E2}.Debug|x86.Build.0 = Debug|Any CPU
		{8FF446A2-52F5-4731-A80F-D74CEBB758E2}.Release|Any CPU.ActiveCfg = Release|Any CPU
		{8FF446A2-52F5-4731-A80F-D74CEBB758E2}.Release|Any CPU.Build.0 = Release|Any CPU
		{8FF446A2-52F5-4731-A80F-D74CEBB758E2}.Release|x64.ActiveCfg = Release|Any CPU
		{8FF446A2-52F5-4731-A80F-D74CEBB758E2}.Release|x64.Build.0 = Release|Any CPU
		{8FF446A2-52F5-4731-A80F-D74CEBB758E2}.Release|x86.ActiveCfg = Release|Any CPU
		{8FF446A2-52F5-4731-A80F-D74CEBB758E2}.Release|x86.Build.0 = Release|Any CPU
		{BF3F6087-B45A-4D63-A930-167E38F1CF5C}.Debug|Any CPU.ActiveCfg = Debug|Any CPU
		{BF3F6087-B45A-4D63-A930-167E38F1CF5C}.Debug|Any CPU.Build.0 = Debug|Any CPU
		{BF3F6087-B45A-4D63-A930-167E38F1CF5C}.Debug|x64.ActiveCfg = Debug|Any CPU
		{BF3F6087-B45A-4D63-A930-167E38F1CF5C}.Debug|x64.Build.0 = Debug|Any CPU
		{BF3F6087-B45A-4D63-A930-167E38F1CF5C}.Debug|x86.ActiveCfg = Debug|Any CPU
		{BF3F6087-B45A-4D63-A930-167E38F1CF5C}.Debug|x86.Build.0 = Debug|Any CPU
		{BF3F6087-B45A-4D63-A930-167E38F1CF5C}.Release|Any CPU.ActiveCfg = Release|Any CPU
		{BF3F6087-B45A-4D63-A930-167E38F1CF5C}.Release|Any CPU.Build.0 = Release|Any CPU
		{BF3F6087-B45A-4D63-A930-167E38F1CF5C}.Release|x64.ActiveCfg = Release|Any CPU
		{BF3F6087-B45A-4D63-A930-167E38F1CF5C}.Release|x64.Build.0 = Release|Any CPU
		{BF3F6087-B45A-4D63-A930-167E38F1CF5C}.Release|x86.ActiveCfg = Release|Any CPU
		{BF3F6087-B45A-4D63-A930-167E38F1CF5C}.Release|x86.Build.0 = Release|Any CPU
		{59B5291E-F28A-40AB-8BC0-1ED7A712315A}.Debug|Any CPU.ActiveCfg = Debug|Any CPU
		{59B5291E-F28A-40AB-8BC0-1ED7A712315A}.Debug|Any CPU.Build.0 = Debug|Any CPU
		{59B5291E-F28A-40AB-8BC0-1ED7A712315A}.Debug|x64.ActiveCfg = Debug|Any CPU
		{59B5291E-F28A-40AB-8BC0-1ED7A712315A}.Debug|x64.Build.0 = Debug|Any CPU
		{59B5291E-F28A-40AB-8BC0-1ED7A712315A}.Debug|x86.ActiveCfg = Debug|Any CPU
		{59B5291E-F28A-40AB-8BC0-1ED7A712315A}.Debug|x86.Build.0 = Debug|Any CPU
		{59B5291E-F28A-40AB-8BC0-1ED7A712315A}.Release|Any CPU.ActiveCfg = Release|Any CPU
		{59B5291E-F28A-40AB-8BC0-1ED7A712315A}.Release|Any CPU.Build.0 = Release|Any CPU
		{59B5291E-F28A-40AB-8BC0-1ED7A712315A}.Release|x64.ActiveCfg = Release|Any CPU
		{59B5291E-F28A-40AB-8BC0-1ED7A712315A}.Release|x64.Build.0 = Release|Any CPU
		{59B5291E-F28A-40AB-8BC0-1ED7A712315A}.Release|x86.ActiveCfg = Release|Any CPU
		{59B5291E-F28A-40AB-8BC0-1ED7A712315A}.Release|x86.Build.0 = Release|Any CPU
		{2586EBA0-CF52-4A3F-BDA1-688378E9149E}.Debug|Any CPU.ActiveCfg = Debug|Any CPU
		{2586EBA0-CF52-4A3F-BDA1-688378E9149E}.Debug|Any CPU.Build.0 = Debug|Any CPU
		{2586EBA0-CF52-4A3F-BDA1-688378E9149E}.Debug|x64.ActiveCfg = Debug|Any CPU
		{2586EBA0-CF52-4A3F-BDA1-688378E9149E}.Debug|x64.Build.0 = Debug|Any CPU
		{2586EBA0-CF52-4A3F-BDA1-688378E9149E}.Debug|x86.ActiveCfg = Debug|Any CPU
		{2586EBA0-CF52-4A3F-BDA1-688378E9149E}.Debug|x86.Build.0 = Debug|Any CPU
		{2586EBA0-CF52-4A3F-BDA1-688378E9149E}.Release|Any CPU.ActiveCfg = Release|Any CPU
		{2586EBA0-CF52-4A3F-BDA1-688378E9149E}.Release|Any CPU.Build.0 = Release|Any CPU
		{2586EBA0-CF52-4A3F-BDA1-688378E9149E}.Release|x64.ActiveCfg = Release|Any CPU
		{2586EBA0-CF52-4A3F-BDA1-688378E9149E}.Release|x64.Build.0 = Release|Any CPU
		{2586EBA0-CF52-4A3F-BDA1-688378E9149E}.Release|x86.ActiveCfg = Release|Any CPU
		{2586EBA0-CF52-4A3F-BDA1-688378E9149E}.Release|x86.Build.0 = Release|Any CPU
		{025CD268-8009-4525-8D26-CFEB96CEAA8A}.Debug|Any CPU.ActiveCfg = Debug|Any CPU
		{025CD268-8009-4525-8D26-CFEB96CEAA8A}.Debug|Any CPU.Build.0 = Debug|Any CPU
		{025CD268-8009-4525-8D26-CFEB96CEAA8A}.Debug|x64.ActiveCfg = Debug|Any CPU
		{025CD268-8009-4525-8D26-CFEB96CEAA8A}.Debug|x64.Build.0 = Debug|Any CPU
		{025CD268-8009-4525-8D26-CFEB96CEAA8A}.Debug|x86.ActiveCfg = Debug|Any CPU
		{025CD268-8009-4525-8D26-CFEB96CEAA8A}.Debug|x86.Build.0 = Debug|Any CPU
		{025CD268-8009-4525-8D26-CFEB96CEAA8A}.Release|Any CPU.ActiveCfg = Release|Any CPU
		{025CD268-8009-4525-8D26-CFEB96CEAA8A}.Release|Any CPU.Build.0 = Release|Any CPU
		{025CD268-8009-4525-8D26-CFEB96CEAA8A}.Release|x64.ActiveCfg = Release|Any CPU
		{025CD268-8009-4525-8D26-CFEB96CEAA8A}.Release|x64.Build.0 = Release|Any CPU
		{025CD268-8009-4525-8D26-CFEB96CEAA8A}.Release|x86.ActiveCfg = Release|Any CPU
		{025CD268-8009-4525-8D26-CFEB96CEAA8A}.Release|x86.Build.0 = Release|Any CPU
	EndGlobalSection
	GlobalSection(NestedProjects) = preSolution
		{0CD1558D-C2F7-4931-A5CF-98183929DCEE} = {5A0B0807-175B-458A-A24D-A147811B7C12}
		{8FF446A2-52F5-4731-A80F-D74CEBB758E2} = {5A0B0807-175B-458A-A24D-A147811B7C12}
		{BF3F6087-B45A-4D63-A930-167E38F1CF5C} = {5A0B0807-175B-458A-A24D-A147811B7C12}
		{59B5291E-F28A-40AB-8BC0-1ED7A712315A} = {5A0B0807-175B-458A-A24D-A147811B7C12}
		{2586EBA0-CF52-4A3F-BDA1-688378E9149E} = {5A0B0807-175B-458A-A24D-A147811B7C12}
		{025CD268-8009-4525-8D26-CFEB96CEAA8A} = {5A0B0807-175B-458A-A24D-A147811B7C12}
	EndGlobalSection
EndGlobal
